// !$*UTF8*$!
{
	archiveVersion = 1;
	classes = {
	};
	objectVersion = 50;
	objects = {

/* Begin PBXBuildFile section */
		D8E828E427F8402D00D467AC /* ViewController.swift in Sources */ = {isa = PBXBuildFile; fileRef = D8E8286D27F8402D00D467AC /* ViewController.swift */; };
		D8E828E527F8402D00D467AC /* CBox2D.mm in Sources */ = {isa = PBXBuildFile; fileRef = D8E8286E27F8402D00D467AC /* CBox2D.mm */; };
		D8E828E627F8402D00D467AC /* Shader.fsh in Resources */ = {isa = PBXBuildFile; fileRef = D8E8286F27F8402D00D467AC /* Shader.fsh */; };
		D8E828E727F8402D00D467AC /* Assets.xcassets in Resources */ = {isa = PBXBuildFile; fileRef = D8E8287227F8402D00D467AC /* Assets.xcassets */; };
		D8E828E827F8402D00D467AC /* LaunchScreen.storyboard in Resources */ = {isa = PBXBuildFile; fileRef = D8E8287327F8402D00D467AC /* LaunchScreen.storyboard */; };
		D8E828E927F8402D00D467AC /* Main.storyboard in Resources */ = {isa = PBXBuildFile; fileRef = D8E8287527F8402D00D467AC /* Main.storyboard */; };
		D8E828EA27F8402D00D467AC /* GLESRenderer.cpp in Sources */ = {isa = PBXBuildFile; fileRef = D8E8287727F8402D00D467AC /* GLESRenderer.cpp */; };
		D8E828EB27F8402D00D467AC /* Shader.vsh in Resources */ = {isa = PBXBuildFile; fileRef = D8E8287827F8402D00D467AC /* Shader.vsh */; };
		D8E828EC27F8402D00D467AC /* AppDelegate.swift in Sources */ = {isa = PBXBuildFile; fileRef = D8E8287B27F8402D00D467AC /* AppDelegate.swift */; };
		D8E828ED27F8402D00D467AC /* b2Body.cpp in Sources */ = {isa = PBXBuildFile; fileRef = D8E8287E27F8402D00D467AC /* b2Body.cpp */; };
		D8E828EE27F8402D00D467AC /* b2World.cpp in Sources */ = {isa = PBXBuildFile; fileRef = D8E8287F27F8402D00D467AC /* b2World.cpp */; };
		D8E828EF27F8402D00D467AC /* b2Fixture.cpp in Sources */ = {isa = PBXBuildFile; fileRef = D8E8288027F8402D00D467AC /* b2Fixture.cpp */; };
		D8E828F027F8402D00D467AC /* b2ChainAndPolygonContact.cpp in Sources */ = {isa = PBXBuildFile; fileRef = D8E8288727F8402D00D467AC /* b2ChainAndPolygonContact.cpp */; };
		D8E828F127F8402D00D467AC /* b2EdgeAndPolygonContact.cpp in Sources */ = {isa = PBXBuildFile; fileRef = D8E8288927F8402D00D467AC /* b2EdgeAndPolygonContact.cpp */; };
		D8E828F227F8402D00D467AC /* b2ChainAndCircleContact.cpp in Sources */ = {isa = PBXBuildFile; fileRef = D8E8288A27F8402D00D467AC /* b2ChainAndCircleContact.cpp */; };
		D8E828F327F8402D00D467AC /* b2PolygonAndCircleContact.cpp in Sources */ = {isa = PBXBuildFile; fileRef = D8E8288B27F8402D00D467AC /* b2PolygonAndCircleContact.cpp */; };
		D8E828F427F8402D00D467AC /* b2PolygonContact.cpp in Sources */ = {isa = PBXBuildFile; fileRef = D8E8288D27F8402D00D467AC /* b2PolygonContact.cpp */; };
		D8E828F527F8402D00D467AC /* b2ContactSolver.cpp in Sources */ = {isa = PBXBuildFile; fileRef = D8E8289127F8402D00D467AC /* b2ContactSolver.cpp */; };
		D8E828F627F8402D00D467AC /* b2CircleContact.cpp in Sources */ = {isa = PBXBuildFile; fileRef = D8E8289227F8402D00D467AC /* b2CircleContact.cpp */; };
		D8E828F727F8402D00D467AC /* b2EdgeAndCircleContact.cpp in Sources */ = {isa = PBXBuildFile; fileRef = D8E8289327F8402D00D467AC /* b2EdgeAndCircleContact.cpp */; };
		D8E828F827F8402D00D467AC /* b2Contact.cpp in Sources */ = {isa = PBXBuildFile; fileRef = D8E8289427F8402D00D467AC /* b2Contact.cpp */; };
		D8E828F927F8402D00D467AC /* b2WorldCallbacks.cpp in Sources */ = {isa = PBXBuildFile; fileRef = D8E8289527F8402D00D467AC /* b2WorldCallbacks.cpp */; };
		D8E828FA27F8402D00D467AC /* b2WeldJoint.cpp in Sources */ = {isa = PBXBuildFile; fileRef = D8E8289727F8402D00D467AC /* b2WeldJoint.cpp */; };
		D8E828FB27F8402D00D467AC /* b2MouseJoint.cpp in Sources */ = {isa = PBXBuildFile; fileRef = D8E8289827F8402D00D467AC /* b2MouseJoint.cpp */; };
		D8E828FC27F8402D00D467AC /* b2FrictionJoint.cpp in Sources */ = {isa = PBXBuildFile; fileRef = D8E8289927F8402D00D467AC /* b2FrictionJoint.cpp */; };
		D8E828FD27F8402D00D467AC /* b2DistanceJoint.cpp in Sources */ = {isa = PBXBuildFile; fileRef = D8E828A127F8402D00D467AC /* b2DistanceJoint.cpp */; };
		D8E828FE27F8402D00D467AC /* b2WheelJoint.cpp in Sources */ = {isa = PBXBuildFile; fileRef = D8E828A227F8402D00D467AC /* b2WheelJoint.cpp */; };
		D8E828FF27F8402D00D467AC /* b2MotorJoint.cpp in Sources */ = {isa = PBXBuildFile; fileRef = D8E828A327F8402D00D467AC /* b2MotorJoint.cpp */; };
		D8E8290027F8402D00D467AC /* b2RevoluteJoint.cpp in Sources */ = {isa = PBXBuildFile; fileRef = D8E828A627F8402D00D467AC /* b2RevoluteJoint.cpp */; };
		D8E8290127F8402D00D467AC /* b2GearJoint.cpp in Sources */ = {isa = PBXBuildFile; fileRef = D8E828A827F8402D00D467AC /* b2GearJoint.cpp */; };
		D8E8290227F8402D00D467AC /* b2Joint.cpp in Sources */ = {isa = PBXBuildFile; fileRef = D8E828A927F8402D00D467AC /* b2Joint.cpp */; };
		D8E8290327F8402D00D467AC /* b2PrismaticJoint.cpp in Sources */ = {isa = PBXBuildFile; fileRef = D8E828AA27F8402D00D467AC /* b2PrismaticJoint.cpp */; };
		D8E8290427F8402D00D467AC /* b2PulleyJoint.cpp in Sources */ = {isa = PBXBuildFile; fileRef = D8E828AB27F8402D00D467AC /* b2PulleyJoint.cpp */; };
		D8E8290527F8402D00D467AC /* b2RopeJoint.cpp in Sources */ = {isa = PBXBuildFile; fileRef = D8E828AD27F8402D00D467AC /* b2RopeJoint.cpp */; };
		D8E8290627F8402D00D467AC /* b2Island.cpp in Sources */ = {isa = PBXBuildFile; fileRef = D8E828B027F8402D00D467AC /* b2Island.cpp */; };
		D8E8290727F8402D00D467AC /* b2ContactManager.cpp in Sources */ = {isa = PBXBuildFile; fileRef = D8E828B627F8402D00D467AC /* b2ContactManager.cpp */; };
		D8E8290827F8402D00D467AC /* b2Rope.cpp in Sources */ = {isa = PBXBuildFile; fileRef = D8E828BA27F8402D00D467AC /* b2Rope.cpp */; };
		D8E8290927F8402D00D467AC /* b2Draw.cpp in Sources */ = {isa = PBXBuildFile; fileRef = D8E828BD27F8402D00D467AC /* b2Draw.cpp */; };
		D8E8290A27F8402D00D467AC /* b2BlockAllocator.cpp in Sources */ = {isa = PBXBuildFile; fileRef = D8E828BF27F8402D00D467AC /* b2BlockAllocator.cpp */; };
		D8E8290B27F8402D00D467AC /* b2Settings.cpp in Sources */ = {isa = PBXBuildFile; fileRef = D8E828C127F8402D00D467AC /* b2Settings.cpp */; };
		D8E8290C27F8402D00D467AC /* b2Timer.cpp in Sources */ = {isa = PBXBuildFile; fileRef = D8E828C327F8402D00D467AC /* b2Timer.cpp */; };
		D8E8290D27F8402D00D467AC /* b2StackAllocator.cpp in Sources */ = {isa = PBXBuildFile; fileRef = D8E828C527F8402D00D467AC /* b2StackAllocator.cpp */; };
		D8E8290E27F8402D00D467AC /* b2Math.cpp in Sources */ = {isa = PBXBuildFile; fileRef = D8E828C627F8402D00D467AC /* b2Math.cpp */; };
		D8E8290F27F8402D00D467AC /* b2Distance.cpp in Sources */ = {isa = PBXBuildFile; fileRef = D8E828CB27F8402D00D467AC /* b2Distance.cpp */; };
		D8E8291027F8402D00D467AC /* b2CollideCircle.cpp in Sources */ = {isa = PBXBuildFile; fileRef = D8E828CC27F8402D00D467AC /* b2CollideCircle.cpp */; };
		D8E8291127F8402D00D467AC /* b2CollidePolygon.cpp in Sources */ = {isa = PBXBuildFile; fileRef = D8E828CD27F8402D00D467AC /* b2CollidePolygon.cpp */; };
		D8E8291227F8402D00D467AC /* b2DynamicTree.cpp in Sources */ = {isa = PBXBuildFile; fileRef = D8E828CE27F8402D00D467AC /* b2DynamicTree.cpp */; };
		D8E8291327F8402D00D467AC /* b2ChainShape.cpp in Sources */ = {isa = PBXBuildFile; fileRef = D8E828D127F8402D00D467AC /* b2ChainShape.cpp */; };
		D8E8291427F8402D00D467AC /* b2EdgeShape.cpp in Sources */ = {isa = PBXBuildFile; fileRef = D8E828D527F8402D00D467AC /* b2EdgeShape.cpp */; };
		D8E8291527F8402D00D467AC /* b2CircleShape.cpp in Sources */ = {isa = PBXBuildFile; fileRef = D8E828D627F8402D00D467AC /* b2CircleShape.cpp */; };
		D8E8291627F8402D00D467AC /* b2PolygonShape.cpp in Sources */ = {isa = PBXBuildFile; fileRef = D8E828D727F8402D00D467AC /* b2PolygonShape.cpp */; };
		D8E8291727F8402D00D467AC /* b2TimeOfImpact.cpp in Sources */ = {isa = PBXBuildFile; fileRef = D8E828DB27F8402D00D467AC /* b2TimeOfImpact.cpp */; };
		D8E8291827F8402D00D467AC /* b2BroadPhase.cpp in Sources */ = {isa = PBXBuildFile; fileRef = D8E828DC27F8402D00D467AC /* b2BroadPhase.cpp */; };
		D8E8291927F8402D00D467AC /* b2CollideEdge.cpp in Sources */ = {isa = PBXBuildFile; fileRef = D8E828DF27F8402D00D467AC /* b2CollideEdge.cpp */; };
		D8E8291A27F8402D00D467AC /* b2Collision.cpp in Sources */ = {isa = PBXBuildFile; fileRef = D8E828E027F8402D00D467AC /* b2Collision.cpp */; };
		D8E8291B27F8402D00D467AC /* Renderer.mm in Sources */ = {isa = PBXBuildFile; fileRef = D8E828E127F8402D00D467AC /* Renderer.mm */; };
		D8E8291D27F8402D00D467AC /* SceneDelegate.swift in Sources */ = {isa = PBXBuildFile; fileRef = D8E828E327F8402D00D467AC /* SceneDelegate.swift */; };
/* End PBXBuildFile section */

/* Begin PBXFileReference section */
		18FC6AD025E4D146001A2372 /* OpenGL-Pong.app */ = {isa = PBXFileReference; explicitFileType = wrapper.application; includeInIndex = 0; path = "OpenGL-Pong.app"; sourceTree = BUILT_PRODUCTS_DIR; };
		D8E8286D27F8402D00D467AC /* ViewController.swift */ = {isa = PBXFileReference; fileEncoding = 4; lastKnownFileType = sourcecode.swift; path = ViewController.swift; sourceTree = "<group>"; };
		D8E8286E27F8402D00D467AC /* CBox2D.mm */ = {isa = PBXFileReference; fileEncoding = 4; lastKnownFileType = sourcecode.cpp.objcpp; path = CBox2D.mm; sourceTree = "<group>"; };
		D8E8286F27F8402D00D467AC /* Shader.fsh */ = {isa = PBXFileReference; fileEncoding = 4; lastKnownFileType = sourcecode.glsl; path = Shader.fsh; sourceTree = "<group>"; };
		D8E8287127F8402D00D467AC /* Renderer.h */ = {isa = PBXFileReference; fileEncoding = 4; lastKnownFileType = sourcecode.c.h; path = Renderer.h; sourceTree = "<group>"; };
		D8E8287227F8402D00D467AC /* Assets.xcassets */ = {isa = PBXFileReference; lastKnownFileType = folder.assetcatalog; path = Assets.xcassets; sourceTree = "<group>"; };
		D8E8287427F8402D00D467AC /* Base */ = {isa = PBXFileReference; lastKnownFileType = file.storyboard; name = Base; path = Base.lproj/LaunchScreen.storyboard; sourceTree = "<group>"; };
		D8E8287627F8402D00D467AC /* Base */ = {isa = PBXFileReference; lastKnownFileType = file.storyboard; name = Base; path = Base.lproj/Main.storyboard; sourceTree = "<group>"; };
		D8E8287727F8402D00D467AC /* GLESRenderer.cpp */ = {isa = PBXFileReference; fileEncoding = 4; lastKnownFileType = sourcecode.cpp.cpp; path = GLESRenderer.cpp; sourceTree = "<group>"; };
		D8E8287827F8402D00D467AC /* Shader.vsh */ = {isa = PBXFileReference; fileEncoding = 4; lastKnownFileType = sourcecode.glsl; path = Shader.vsh; sourceTree = "<group>"; };
		D8E8287927F8402D00D467AC /* CBox2D.h */ = {isa = PBXFileReference; fileEncoding = 4; lastKnownFileType = sourcecode.c.h; path = CBox2D.h; sourceTree = "<group>"; };
		D8E8287A27F8402D00D467AC /* GLESRenderer.hpp */ = {isa = PBXFileReference; fileEncoding = 4; lastKnownFileType = sourcecode.cpp.h; path = GLESRenderer.hpp; sourceTree = "<group>"; };
		D8E8287B27F8402D00D467AC /* AppDelegate.swift */ = {isa = PBXFileReference; fileEncoding = 4; lastKnownFileType = sourcecode.swift; path = AppDelegate.swift; sourceTree = "<group>"; };
		D8E8287E27F8402D00D467AC /* b2Body.cpp */ = {isa = PBXFileReference; fileEncoding = 4; lastKnownFileType = sourcecode.cpp.cpp; path = b2Body.cpp; sourceTree = "<group>"; };
		D8E8287F27F8402D00D467AC /* b2World.cpp */ = {isa = PBXFileReference; fileEncoding = 4; lastKnownFileType = sourcecode.cpp.cpp; path = b2World.cpp; sourceTree = "<group>"; };
		D8E8288027F8402D00D467AC /* b2Fixture.cpp */ = {isa = PBXFileReference; fileEncoding = 4; lastKnownFileType = sourcecode.cpp.cpp; path = b2Fixture.cpp; sourceTree = "<group>"; };
		D8E8288127F8402D00D467AC /* b2World.h */ = {isa = PBXFileReference; fileEncoding = 4; lastKnownFileType = sourcecode.c.h; path = b2World.h; sourceTree = "<group>"; };
		D8E8288327F8402D00D467AC /* b2ContactSolver.h */ = {isa = PBXFileReference; fileEncoding = 4; lastKnownFileType = sourcecode.c.h; path = b2ContactSolver.h; sourceTree = "<group>"; };
		D8E8288427F8402D00D467AC /* b2ChainAndCircleContact.h */ = {isa = PBXFileReference; fileEncoding = 4; lastKnownFileType = sourcecode.c.h; path = b2ChainAndCircleContact.h; sourceTree = "<group>"; };
		D8E8288527F8402D00D467AC /* b2PolygonAndCircleContact.h */ = {isa = PBXFileReference; fileEncoding = 4; lastKnownFileType = sourcecode.c.h; path = b2PolygonAndCircleContact.h; sourceTree = "<group>"; };
		D8E8288627F8402D00D467AC /* b2EdgeAndCircleContact.h */ = {isa = PBXFileReference; fileEncoding = 4; lastKnownFileType = sourcecode.c.h; path = b2EdgeAndCircleContact.h; sourceTree = "<group>"; };
		D8E8288727F8402D00D467AC /* b2ChainAndPolygonContact.cpp */ = {isa = PBXFileReference; fileEncoding = 4; lastKnownFileType = sourcecode.cpp.cpp; path = b2ChainAndPolygonContact.cpp; sourceTree = "<group>"; };
		D8E8288827F8402D00D467AC /* b2EdgeAndPolygonContact.h */ = {isa = PBXFileReference; fileEncoding = 4; lastKnownFileType = sourcecode.c.h; path = b2EdgeAndPolygonContact.h; sourceTree = "<group>"; };
		D8E8288927F8402D00D467AC /* b2EdgeAndPolygonContact.cpp */ = {isa = PBXFileReference; fileEncoding = 4; lastKnownFileType = sourcecode.cpp.cpp; path = b2EdgeAndPolygonContact.cpp; sourceTree = "<group>"; };
		D8E8288A27F8402D00D467AC /* b2ChainAndCircleContact.cpp */ = {isa = PBXFileReference; fileEncoding = 4; lastKnownFileType = sourcecode.cpp.cpp; path = b2ChainAndCircleContact.cpp; sourceTree = "<group>"; };
		D8E8288B27F8402D00D467AC /* b2PolygonAndCircleContact.cpp */ = {isa = PBXFileReference; fileEncoding = 4; lastKnownFileType = sourcecode.cpp.cpp; path = b2PolygonAndCircleContact.cpp; sourceTree = "<group>"; };
		D8E8288C27F8402D00D467AC /* b2Contact.h */ = {isa = PBXFileReference; fileEncoding = 4; lastKnownFileType = sourcecode.c.h; path = b2Contact.h; sourceTree = "<group>"; };
		D8E8288D27F8402D00D467AC /* b2PolygonContact.cpp */ = {isa = PBXFileReference; fileEncoding = 4; lastKnownFileType = sourcecode.cpp.cpp; path = b2PolygonContact.cpp; sourceTree = "<group>"; };
		D8E8288E27F8402D00D467AC /* b2CircleContact.h */ = {isa = PBXFileReference; fileEncoding = 4; lastKnownFileType = sourcecode.c.h; path = b2CircleContact.h; sourceTree = "<group>"; };
		D8E8288F27F8402D00D467AC /* b2ChainAndPolygonContact.h */ = {isa = PBXFileReference; fileEncoding = 4; lastKnownFileType = sourcecode.c.h; path = b2ChainAndPolygonContact.h; sourceTree = "<group>"; };
		D8E8289027F8402D00D467AC /* b2PolygonContact.h */ = {isa = PBXFileReference; fileEncoding = 4; lastKnownFileType = sourcecode.c.h; path = b2PolygonContact.h; sourceTree = "<group>"; };
		D8E8289127F8402D00D467AC /* b2ContactSolver.cpp */ = {isa = PBXFileReference; fileEncoding = 4; lastKnownFileType = sourcecode.cpp.cpp; path = b2ContactSolver.cpp; sourceTree = "<group>"; };
		D8E8289227F8402D00D467AC /* b2CircleContact.cpp */ = {isa = PBXFileReference; fileEncoding = 4; lastKnownFileType = sourcecode.cpp.cpp; path = b2CircleContact.cpp; sourceTree = "<group>"; };
		D8E8289327F8402D00D467AC /* b2EdgeAndCircleContact.cpp */ = {isa = PBXFileReference; fileEncoding = 4; lastKnownFileType = sourcecode.cpp.cpp; path = b2EdgeAndCircleContact.cpp; sourceTree = "<group>"; };
		D8E8289427F8402D00D467AC /* b2Contact.cpp */ = {isa = PBXFileReference; fileEncoding = 4; lastKnownFileType = sourcecode.cpp.cpp; path = b2Contact.cpp; sourceTree = "<group>"; };
		D8E8289527F8402D00D467AC /* b2WorldCallbacks.cpp */ = {isa = PBXFileReference; fileEncoding = 4; lastKnownFileType = sourcecode.cpp.cpp; path = b2WorldCallbacks.cpp; sourceTree = "<group>"; };
		D8E8289727F8402D00D467AC /* b2WeldJoint.cpp */ = {isa = PBXFileReference; fileEncoding = 4; lastKnownFileType = sourcecode.cpp.cpp; path = b2WeldJoint.cpp; sourceTree = "<group>"; };
		D8E8289827F8402D00D467AC /* b2MouseJoint.cpp */ = {isa = PBXFileReference; fileEncoding = 4; lastKnownFileType = sourcecode.cpp.cpp; path = b2MouseJoint.cpp; sourceTree = "<group>"; };
		D8E8289927F8402D00D467AC /* b2FrictionJoint.cpp */ = {isa = PBXFileReference; fileEncoding = 4; lastKnownFileType = sourcecode.cpp.cpp; path = b2FrictionJoint.cpp; sourceTree = "<group>"; };
		D8E8289A27F8402D00D467AC /* b2PrismaticJoint.h */ = {isa = PBXFileReference; fileEncoding = 4; lastKnownFileType = sourcecode.c.h; path = b2PrismaticJoint.h; sourceTree = "<group>"; };
		D8E8289B27F8402D00D467AC /* b2PulleyJoint.h */ = {isa = PBXFileReference; fileEncoding = 4; lastKnownFileType = sourcecode.c.h; path = b2PulleyJoint.h; sourceTree = "<group>"; };
		D8E8289C27F8402D00D467AC /* b2RopeJoint.h */ = {isa = PBXFileReference; fileEncoding = 4; lastKnownFileType = sourcecode.c.h; path = b2RopeJoint.h; sourceTree = "<group>"; };
		D8E8289D27F8402D00D467AC /* b2WeldJoint.h */ = {isa = PBXFileReference; fileEncoding = 4; lastKnownFileType = sourcecode.c.h; path = b2WeldJoint.h; sourceTree = "<group>"; };
		D8E8289E27F8402D00D467AC /* b2GearJoint.h */ = {isa = PBXFileReference; fileEncoding = 4; lastKnownFileType = sourcecode.c.h; path = b2GearJoint.h; sourceTree = "<group>"; };
		D8E8289F27F8402D00D467AC /* b2DistanceJoint.h */ = {isa = PBXFileReference; fileEncoding = 4; lastKnownFileType = sourcecode.c.h; path = b2DistanceJoint.h; sourceTree = "<group>"; };
		D8E828A027F8402D00D467AC /* b2MouseJoint.h */ = {isa = PBXFileReference; fileEncoding = 4; lastKnownFileType = sourcecode.c.h; path = b2MouseJoint.h; sourceTree = "<group>"; };
		D8E828A127F8402D00D467AC /* b2DistanceJoint.cpp */ = {isa = PBXFileReference; fileEncoding = 4; lastKnownFileType = sourcecode.cpp.cpp; path = b2DistanceJoint.cpp; sourceTree = "<group>"; };
		D8E828A227F8402D00D467AC /* b2WheelJoint.cpp */ = {isa = PBXFileReference; fileEncoding = 4; lastKnownFileType = sourcecode.cpp.cpp; path = b2WheelJoint.cpp; sourceTree = "<group>"; };
		D8E828A327F8402D00D467AC /* b2MotorJoint.cpp */ = {isa = PBXFileReference; fileEncoding = 4; lastKnownFileType = sourcecode.cpp.cpp; path = b2MotorJoint.cpp; sourceTree = "<group>"; };
		D8E828A427F8402D00D467AC /* b2Joint.h */ = {isa = PBXFileReference; fileEncoding = 4; lastKnownFileType = sourcecode.c.h; path = b2Joint.h; sourceTree = "<group>"; };
		D8E828A527F8402D00D467AC /* b2RevoluteJoint.h */ = {isa = PBXFileReference; fileEncoding = 4; lastKnownFileType = sourcecode.c.h; path = b2RevoluteJoint.h; sourceTree = "<group>"; };
		D8E828A627F8402D00D467AC /* b2RevoluteJoint.cpp */ = {isa = PBXFileReference; fileEncoding = 4; lastKnownFileType = sourcecode.cpp.cpp; path = b2RevoluteJoint.cpp; sourceTree = "<group>"; };
		D8E828A727F8402D00D467AC /* b2FrictionJoint.h */ = {isa = PBXFileReference; fileEncoding = 4; lastKnownFileType = sourcecode.c.h; path = b2FrictionJoint.h; sourceTree = "<group>"; };
		D8E828A827F8402D00D467AC /* b2GearJoint.cpp */ = {isa = PBXFileReference; fileEncoding = 4; lastKnownFileType = sourcecode.cpp.cpp; path = b2GearJoint.cpp; sourceTree = "<group>"; };
		D8E828A927F8402D00D467AC /* b2Joint.cpp */ = {isa = PBXFileReference; fileEncoding = 4; lastKnownFileType = sourcecode.cpp.cpp; path = b2Joint.cpp; sourceTree = "<group>"; };
		D8E828AA27F8402D00D467AC /* b2PrismaticJoint.cpp */ = {isa = PBXFileReference; fileEncoding = 4; lastKnownFileType = sourcecode.cpp.cpp; path = b2PrismaticJoint.cpp; sourceTree = "<group>"; };
		D8E828AB27F8402D00D467AC /* b2PulleyJoint.cpp */ = {isa = PBXFileReference; fileEncoding = 4; lastKnownFileType = sourcecode.cpp.cpp; path = b2PulleyJoint.cpp; sourceTree = "<group>"; };
		D8E828AC27F8402D00D467AC /* b2WheelJoint.h */ = {isa = PBXFileReference; fileEncoding = 4; lastKnownFileType = sourcecode.c.h; path = b2WheelJoint.h; sourceTree = "<group>"; };
		D8E828AD27F8402D00D467AC /* b2RopeJoint.cpp */ = {isa = PBXFileReference; fileEncoding = 4; lastKnownFileType = sourcecode.cpp.cpp; path = b2RopeJoint.cpp; sourceTree = "<group>"; };
		D8E828AE27F8402D00D467AC /* b2MotorJoint.h */ = {isa = PBXFileReference; fileEncoding = 4; lastKnownFileType = sourcecode.c.h; path = b2MotorJoint.h; sourceTree = "<group>"; };
		D8E828AF27F8402D00D467AC /* b2Body.h */ = {isa = PBXFileReference; fileEncoding = 4; lastKnownFileType = sourcecode.c.h; path = b2Body.h; sourceTree = "<group>"; };
		D8E828B027F8402D00D467AC /* b2Island.cpp */ = {isa = PBXFileReference; fileEncoding = 4; lastKnownFileType = sourcecode.cpp.cpp; path = b2Island.cpp; sourceTree = "<group>"; };
		D8E828B127F8402D00D467AC /* b2Fixture.h */ = {isa = PBXFileReference; fileEncoding = 4; lastKnownFileType = sourcecode.c.h; path = b2Fixture.h; sourceTree = "<group>"; };
		D8E828B227F8402D00D467AC /* b2TimeStep.h */ = {isa = PBXFileReference; fileEncoding = 4; lastKnownFileType = sourcecode.c.h; path = b2TimeStep.h; sourceTree = "<group>"; };
		D8E828B327F8402D00D467AC /* b2WorldCallbacks.h */ = {isa = PBXFileReference; fileEncoding = 4; lastKnownFileType = sourcecode.c.h; path = b2WorldCallbacks.h; sourceTree = "<group>"; };
		D8E828B427F8402D00D467AC /* b2ContactManager.h */ = {isa = PBXFileReference; fileEncoding = 4; lastKnownFileType = sourcecode.c.h; path = b2ContactManager.h; sourceTree = "<group>"; };
		D8E828B527F8402D00D467AC /* b2Island.h */ = {isa = PBXFileReference; fileEncoding = 4; lastKnownFileType = sourcecode.c.h; path = b2Island.h; sourceTree = "<group>"; };
		D8E828B627F8402D00D467AC /* b2ContactManager.cpp */ = {isa = PBXFileReference; fileEncoding = 4; lastKnownFileType = sourcecode.cpp.cpp; path = b2ContactManager.cpp; sourceTree = "<group>"; };
		D8E828B727F8402D00D467AC /* Box2D.h */ = {isa = PBXFileReference; fileEncoding = 4; lastKnownFileType = sourcecode.c.h; path = Box2D.h; sourceTree = "<group>"; };
		D8E828B927F8402D00D467AC /* b2Rope.h */ = {isa = PBXFileReference; fileEncoding = 4; lastKnownFileType = sourcecode.c.h; path = b2Rope.h; sourceTree = "<group>"; };
		D8E828BA27F8402D00D467AC /* b2Rope.cpp */ = {isa = PBXFileReference; fileEncoding = 4; lastKnownFileType = sourcecode.cpp.cpp; path = b2Rope.cpp; sourceTree = "<group>"; };
		D8E828BC27F8402D00D467AC /* b2StackAllocator.h */ = {isa = PBXFileReference; fileEncoding = 4; lastKnownFileType = sourcecode.c.h; path = b2StackAllocator.h; sourceTree = "<group>"; };
		D8E828BD27F8402D00D467AC /* b2Draw.cpp */ = {isa = PBXFileReference; fileEncoding = 4; lastKnownFileType = sourcecode.cpp.cpp; path = b2Draw.cpp; sourceTree = "<group>"; };
		D8E828BE27F8402D00D467AC /* b2GrowableStack.h */ = {isa = PBXFileReference; fileEncoding = 4; lastKnownFileType = sourcecode.c.h; path = b2GrowableStack.h; sourceTree = "<group>"; };
		D8E828BF27F8402D00D467AC /* b2BlockAllocator.cpp */ = {isa = PBXFileReference; fileEncoding = 4; lastKnownFileType = sourcecode.cpp.cpp; path = b2BlockAllocator.cpp; sourceTree = "<group>"; };
		D8E828C027F8402D00D467AC /* b2BlockAllocator.h */ = {isa = PBXFileReference; fileEncoding = 4; lastKnownFileType = sourcecode.c.h; path = b2BlockAllocator.h; sourceTree = "<group>"; };
		D8E828C127F8402D00D467AC /* b2Settings.cpp */ = {isa = PBXFileReference; fileEncoding = 4; lastKnownFileType = sourcecode.cpp.cpp; path = b2Settings.cpp; sourceTree = "<group>"; };
		D8E828C227F8402D00D467AC /* b2Timer.h */ = {isa = PBXFileReference; fileEncoding = 4; lastKnownFileType = sourcecode.c.h; path = b2Timer.h; sourceTree = "<group>"; };
		D8E828C327F8402D00D467AC /* b2Timer.cpp */ = {isa = PBXFileReference; fileEncoding = 4; lastKnownFileType = sourcecode.cpp.cpp; path = b2Timer.cpp; sourceTree = "<group>"; };
		D8E828C427F8402D00D467AC /* b2Math.h */ = {isa = PBXFileReference; fileEncoding = 4; lastKnownFileType = sourcecode.c.h; path = b2Math.h; sourceTree = "<group>"; };
		D8E828C527F8402D00D467AC /* b2StackAllocator.cpp */ = {isa = PBXFileReference; fileEncoding = 4; lastKnownFileType = sourcecode.cpp.cpp; path = b2StackAllocator.cpp; sourceTree = "<group>"; };
		D8E828C627F8402D00D467AC /* b2Math.cpp */ = {isa = PBXFileReference; fileEncoding = 4; lastKnownFileType = sourcecode.cpp.cpp; path = b2Math.cpp; sourceTree = "<group>"; };
		D8E828C727F8402D00D467AC /* b2Draw.h */ = {isa = PBXFileReference; fileEncoding = 4; lastKnownFileType = sourcecode.c.h; path = b2Draw.h; sourceTree = "<group>"; };
		D8E828C827F8402D00D467AC /* b2Settings.h */ = {isa = PBXFileReference; fileEncoding = 4; lastKnownFileType = sourcecode.c.h; path = b2Settings.h; sourceTree = "<group>"; };
		D8E828CA27F8402D00D467AC /* b2Collision.h */ = {isa = PBXFileReference; fileEncoding = 4; lastKnownFileType = sourcecode.c.h; path = b2Collision.h; sourceTree = "<group>"; };
		D8E828CB27F8402D00D467AC /* b2Distance.cpp */ = {isa = PBXFileReference; fileEncoding = 4; lastKnownFileType = sourcecode.cpp.cpp; path = b2Distance.cpp; sourceTree = "<group>"; };
		D8E828CC27F8402D00D467AC /* b2CollideCircle.cpp */ = {isa = PBXFileReference; fileEncoding = 4; lastKnownFileType = sourcecode.cpp.cpp; path = b2CollideCircle.cpp; sourceTree = "<group>"; };
		D8E828CD27F8402D00D467AC /* b2CollidePolygon.cpp */ = {isa = PBXFileReference; fileEncoding = 4; lastKnownFileType = sourcecode.cpp.cpp; path = b2CollidePolygon.cpp; sourceTree = "<group>"; };
		D8E828CE27F8402D00D467AC /* b2DynamicTree.cpp */ = {isa = PBXFileReference; fileEncoding = 4; lastKnownFileType = sourcecode.cpp.cpp; path = b2DynamicTree.cpp; sourceTree = "<group>"; };
		D8E828CF27F8402D00D467AC /* b2DynamicTree.h */ = {isa = PBXFileReference; fileEncoding = 4; lastKnownFileType = sourcecode.c.h; path = b2DynamicTree.h; sourceTree = "<group>"; };
		D8E828D127F8402D00D467AC /* b2ChainShape.cpp */ = {isa = PBXFileReference; fileEncoding = 4; lastKnownFileType = sourcecode.cpp.cpp; path = b2ChainShape.cpp; sourceTree = "<group>"; };
		D8E828D227F8402D00D467AC /* b2PolygonShape.h */ = {isa = PBXFileReference; fileEncoding = 4; lastKnownFileType = sourcecode.c.h; path = b2PolygonShape.h; sourceTree = "<group>"; };
		D8E828D327F8402D00D467AC /* b2Shape.h */ = {isa = PBXFileReference; fileEncoding = 4; lastKnownFileType = sourcecode.c.h; path = b2Shape.h; sourceTree = "<group>"; };
		D8E828D427F8402D00D467AC /* b2ChainShape.h */ = {isa = PBXFileReference; fileEncoding = 4; lastKnownFileType = sourcecode.c.h; path = b2ChainShape.h; sourceTree = "<group>"; };
		D8E828D527F8402D00D467AC /* b2EdgeShape.cpp */ = {isa = PBXFileReference; fileEncoding = 4; lastKnownFileType = sourcecode.cpp.cpp; path = b2EdgeShape.cpp; sourceTree = "<group>"; };
		D8E828D627F8402D00D467AC /* b2CircleShape.cpp */ = {isa = PBXFileReference; fileEncoding = 4; lastKnownFileType = sourcecode.cpp.cpp; path = b2CircleShape.cpp; sourceTree = "<group>"; };
		D8E828D727F8402D00D467AC /* b2PolygonShape.cpp */ = {isa = PBXFileReference; fileEncoding = 4; lastKnownFileType = sourcecode.cpp.cpp; path = b2PolygonShape.cpp; sourceTree = "<group>"; };
		D8E828D827F8402D00D467AC /* b2EdgeShape.h */ = {isa = PBXFileReference; fileEncoding = 4; lastKnownFileType = sourcecode.c.h; path = b2EdgeShape.h; sourceTree = "<group>"; };
		D8E828D927F8402D00D467AC /* b2CircleShape.h */ = {isa = PBXFileReference; fileEncoding = 4; lastKnownFileType = sourcecode.c.h; path = b2CircleShape.h; sourceTree = "<group>"; };
		D8E828DA27F8402D00D467AC /* b2TimeOfImpact.h */ = {isa = PBXFileReference; fileEncoding = 4; lastKnownFileType = sourcecode.c.h; path = b2TimeOfImpact.h; sourceTree = "<group>"; };
		D8E828DB27F8402D00D467AC /* b2TimeOfImpact.cpp */ = {isa = PBXFileReference; fileEncoding = 4; lastKnownFileType = sourcecode.cpp.cpp; path = b2TimeOfImpact.cpp; sourceTree = "<group>"; };
		D8E828DC27F8402D00D467AC /* b2BroadPhase.cpp */ = {isa = PBXFileReference; fileEncoding = 4; lastKnownFileType = sourcecode.cpp.cpp; path = b2BroadPhase.cpp; sourceTree = "<group>"; };
		D8E828DD27F8402D00D467AC /* b2BroadPhase.h */ = {isa = PBXFileReference; fileEncoding = 4; lastKnownFileType = sourcecode.c.h; path = b2BroadPhase.h; sourceTree = "<group>"; };
		D8E828DE27F8402D00D467AC /* b2Distance.h */ = {isa = PBXFileReference; fileEncoding = 4; lastKnownFileType = sourcecode.c.h; path = b2Distance.h; sourceTree = "<group>"; };
		D8E828DF27F8402D00D467AC /* b2CollideEdge.cpp */ = {isa = PBXFileReference; fileEncoding = 4; lastKnownFileType = sourcecode.cpp.cpp; path = b2CollideEdge.cpp; sourceTree = "<group>"; };
		D8E828E027F8402D00D467AC /* b2Collision.cpp */ = {isa = PBXFileReference; fileEncoding = 4; lastKnownFileType = sourcecode.cpp.cpp; path = b2Collision.cpp; sourceTree = "<group>"; };
		D8E828E127F8402D00D467AC /* Renderer.mm */ = {isa = PBXFileReference; fileEncoding = 4; lastKnownFileType = sourcecode.cpp.objcpp; path = Renderer.mm; sourceTree = "<group>"; };
		D8E828E327F8402D00D467AC /* SceneDelegate.swift */ = {isa = PBXFileReference; fileEncoding = 4; lastKnownFileType = sourcecode.swift; path = SceneDelegate.swift; sourceTree = "<group>"; };
		D8E8291F27F8418600D467AC /* Box2DSwift-Bridging-Header.h */ = {isa = PBXFileReference; fileEncoding = 4; lastKnownFileType = sourcecode.c.h; path = "Box2DSwift-Bridging-Header.h"; sourceTree = "<group>"; };
		D8E8292227F8447600D467AC /* Info.plist */ = {isa = PBXFileReference; lastKnownFileType = text.plist.xml; path = Info.plist; sourceTree = "<group>"; };
/* End PBXFileReference section */

/* Begin PBXFrameworksBuildPhase section */
		18FC6ACD25E4D146001A2372 /* Frameworks */ = {
			isa = PBXFrameworksBuildPhase;
			buildActionMask = 2147483647;
			files = (
			);
			runOnlyForDeploymentPostprocessing = 0;
		};
/* End PBXFrameworksBuildPhase section */

/* Begin PBXGroup section */
		18FC6AC725E4D146001A2372 = {
			isa = PBXGroup;
			children = (
				D8E8286C27F8402D00D467AC /* OpenGL-Pong */,
				18FC6AD125E4D146001A2372 /* Products */,
			);
			sourceTree = "<group>";
		};
		18FC6AD125E4D146001A2372 /* Products */ = {
			isa = PBXGroup;
			children = (
				18FC6AD025E4D146001A2372 /* OpenGL-Pong.app */,
			);
			name = Products;
			sourceTree = "<group>";
		};
		D8E8286C27F8402D00D467AC /* OpenGL-Pong */ = {
			isa = PBXGroup;
			children = (
				D8E8287C27F8402D00D467AC /* Box2D */,
				D8E8287927F8402D00D467AC /* CBox2D.h */,
				D8E8286E27F8402D00D467AC /* CBox2D.mm */,
				D8E8287127F8402D00D467AC /* Renderer.h */,
				D8E828E127F8402D00D467AC /* Renderer.mm */,
				D8E8287A27F8402D00D467AC /* GLESRenderer.hpp */,
				D8E8287727F8402D00D467AC /* GLESRenderer.cpp */,
				D8E8287827F8402D00D467AC /* Shader.vsh */,
				D8E8286F27F8402D00D467AC /* Shader.fsh */,
				D8E8287327F8402D00D467AC /* LaunchScreen.storyboard */,
				D8E8287527F8402D00D467AC /* Main.storyboard */,
				D8E828E327F8402D00D467AC /* SceneDelegate.swift */,
				D8E8287B27F8402D00D467AC /* AppDelegate.swift */,
				D8E8286D27F8402D00D467AC /* ViewController.swift */,
				D8E8291F27F8418600D467AC /* Box2DSwift-Bridging-Header.h */,
				D8E8287227F8402D00D467AC /* Assets.xcassets */,
				D8E8292227F8447600D467AC /* Info.plist */,
			);
			path = "OpenGL-Pong";
			sourceTree = "<group>";
		};
		D8E8287C27F8402D00D467AC /* Box2D */ = {
			isa = PBXGroup;
			children = (
				D8E8287D27F8402D00D467AC /* Dynamics */,
				D8E828B727F8402D00D467AC /* Box2D.h */,
				D8E828B827F8402D00D467AC /* Rope */,
				D8E828BB27F8402D00D467AC /* Common */,
				D8E828C927F8402D00D467AC /* Collision */,
			);
			path = Box2D;
			sourceTree = "<group>";
		};
		D8E8287D27F8402D00D467AC /* Dynamics */ = {
			isa = PBXGroup;
			children = (
				D8E8287E27F8402D00D467AC /* b2Body.cpp */,
				D8E8287F27F8402D00D467AC /* b2World.cpp */,
				D8E8288027F8402D00D467AC /* b2Fixture.cpp */,
				D8E8288127F8402D00D467AC /* b2World.h */,
				D8E8288227F8402D00D467AC /* Contacts */,
				D8E8289527F8402D00D467AC /* b2WorldCallbacks.cpp */,
				D8E8289627F8402D00D467AC /* Joints */,
				D8E828AF27F8402D00D467AC /* b2Body.h */,
				D8E828B027F8402D00D467AC /* b2Island.cpp */,
				D8E828B127F8402D00D467AC /* b2Fixture.h */,
				D8E828B227F8402D00D467AC /* b2TimeStep.h */,
				D8E828B327F8402D00D467AC /* b2WorldCallbacks.h */,
				D8E828B427F8402D00D467AC /* b2ContactManager.h */,
				D8E828B527F8402D00D467AC /* b2Island.h */,
				D8E828B627F8402D00D467AC /* b2ContactManager.cpp */,
			);
			path = Dynamics;
			sourceTree = "<group>";
		};
		D8E8288227F8402D00D467AC /* Contacts */ = {
			isa = PBXGroup;
			children = (
				D8E8288327F8402D00D467AC /* b2ContactSolver.h */,
				D8E8288427F8402D00D467AC /* b2ChainAndCircleContact.h */,
				D8E8288527F8402D00D467AC /* b2PolygonAndCircleContact.h */,
				D8E8288627F8402D00D467AC /* b2EdgeAndCircleContact.h */,
				D8E8288727F8402D00D467AC /* b2ChainAndPolygonContact.cpp */,
				D8E8288827F8402D00D467AC /* b2EdgeAndPolygonContact.h */,
				D8E8288927F8402D00D467AC /* b2EdgeAndPolygonContact.cpp */,
				D8E8288A27F8402D00D467AC /* b2ChainAndCircleContact.cpp */,
				D8E8288B27F8402D00D467AC /* b2PolygonAndCircleContact.cpp */,
				D8E8288C27F8402D00D467AC /* b2Contact.h */,
				D8E8288D27F8402D00D467AC /* b2PolygonContact.cpp */,
				D8E8288E27F8402D00D467AC /* b2CircleContact.h */,
				D8E8288F27F8402D00D467AC /* b2ChainAndPolygonContact.h */,
				D8E8289027F8402D00D467AC /* b2PolygonContact.h */,
				D8E8289127F8402D00D467AC /* b2ContactSolver.cpp */,
				D8E8289227F8402D00D467AC /* b2CircleContact.cpp */,
				D8E8289327F8402D00D467AC /* b2EdgeAndCircleContact.cpp */,
				D8E8289427F8402D00D467AC /* b2Contact.cpp */,
			);
			path = Contacts;
			sourceTree = "<group>";
		};
		D8E8289627F8402D00D467AC /* Joints */ = {
			isa = PBXGroup;
			children = (
				D8E8289727F8402D00D467AC /* b2WeldJoint.cpp */,
				D8E8289827F8402D00D467AC /* b2MouseJoint.cpp */,
				D8E8289927F8402D00D467AC /* b2FrictionJoint.cpp */,
				D8E8289A27F8402D00D467AC /* b2PrismaticJoint.h */,
				D8E8289B27F8402D00D467AC /* b2PulleyJoint.h */,
				D8E8289C27F8402D00D467AC /* b2RopeJoint.h */,
				D8E8289D27F8402D00D467AC /* b2WeldJoint.h */,
				D8E8289E27F8402D00D467AC /* b2GearJoint.h */,
				D8E8289F27F8402D00D467AC /* b2DistanceJoint.h */,
				D8E828A027F8402D00D467AC /* b2MouseJoint.h */,
				D8E828A127F8402D00D467AC /* b2DistanceJoint.cpp */,
				D8E828A227F8402D00D467AC /* b2WheelJoint.cpp */,
				D8E828A327F8402D00D467AC /* b2MotorJoint.cpp */,
				D8E828A427F8402D00D467AC /* b2Joint.h */,
				D8E828A527F8402D00D467AC /* b2RevoluteJoint.h */,
				D8E828A627F8402D00D467AC /* b2RevoluteJoint.cpp */,
				D8E828A727F8402D00D467AC /* b2FrictionJoint.h */,
				D8E828A827F8402D00D467AC /* b2GearJoint.cpp */,
				D8E828A927F8402D00D467AC /* b2Joint.cpp */,
				D8E828AA27F8402D00D467AC /* b2PrismaticJoint.cpp */,
				D8E828AB27F8402D00D467AC /* b2PulleyJoint.cpp */,
				D8E828AC27F8402D00D467AC /* b2WheelJoint.h */,
				D8E828AD27F8402D00D467AC /* b2RopeJoint.cpp */,
				D8E828AE27F8402D00D467AC /* b2MotorJoint.h */,
			);
			path = Joints;
			sourceTree = "<group>";
		};
		D8E828B827F8402D00D467AC /* Rope */ = {
			isa = PBXGroup;
			children = (
				D8E828B927F8402D00D467AC /* b2Rope.h */,
				D8E828BA27F8402D00D467AC /* b2Rope.cpp */,
			);
			path = Rope;
			sourceTree = "<group>";
		};
		D8E828BB27F8402D00D467AC /* Common */ = {
			isa = PBXGroup;
			children = (
				D8E828BC27F8402D00D467AC /* b2StackAllocator.h */,
				D8E828BD27F8402D00D467AC /* b2Draw.cpp */,
				D8E828BE27F8402D00D467AC /* b2GrowableStack.h */,
				D8E828BF27F8402D00D467AC /* b2BlockAllocator.cpp */,
				D8E828C027F8402D00D467AC /* b2BlockAllocator.h */,
				D8E828C127F8402D00D467AC /* b2Settings.cpp */,
				D8E828C227F8402D00D467AC /* b2Timer.h */,
				D8E828C327F8402D00D467AC /* b2Timer.cpp */,
				D8E828C427F8402D00D467AC /* b2Math.h */,
				D8E828C527F8402D00D467AC /* b2StackAllocator.cpp */,
				D8E828C627F8402D00D467AC /* b2Math.cpp */,
				D8E828C727F8402D00D467AC /* b2Draw.h */,
				D8E828C827F8402D00D467AC /* b2Settings.h */,
			);
			path = Common;
			sourceTree = "<group>";
		};
		D8E828C927F8402D00D467AC /* Collision */ = {
			isa = PBXGroup;
			children = (
				D8E828CA27F8402D00D467AC /* b2Collision.h */,
				D8E828CB27F8402D00D467AC /* b2Distance.cpp */,
				D8E828CC27F8402D00D467AC /* b2CollideCircle.cpp */,
				D8E828CD27F8402D00D467AC /* b2CollidePolygon.cpp */,
				D8E828CE27F8402D00D467AC /* b2DynamicTree.cpp */,
				D8E828CF27F8402D00D467AC /* b2DynamicTree.h */,
				D8E828D027F8402D00D467AC /* Shapes */,
				D8E828DA27F8402D00D467AC /* b2TimeOfImpact.h */,
				D8E828DB27F8402D00D467AC /* b2TimeOfImpact.cpp */,
				D8E828DC27F8402D00D467AC /* b2BroadPhase.cpp */,
				D8E828DD27F8402D00D467AC /* b2BroadPhase.h */,
				D8E828DE27F8402D00D467AC /* b2Distance.h */,
				D8E828DF27F8402D00D467AC /* b2CollideEdge.cpp */,
				D8E828E027F8402D00D467AC /* b2Collision.cpp */,
			);
			path = Collision;
			sourceTree = "<group>";
		};
		D8E828D027F8402D00D467AC /* Shapes */ = {
			isa = PBXGroup;
			children = (
				D8E828D127F8402D00D467AC /* b2ChainShape.cpp */,
				D8E828D227F8402D00D467AC /* b2PolygonShape.h */,
				D8E828D327F8402D00D467AC /* b2Shape.h */,
				D8E828D427F8402D00D467AC /* b2ChainShape.h */,
				D8E828D527F8402D00D467AC /* b2EdgeShape.cpp */,
				D8E828D627F8402D00D467AC /* b2CircleShape.cpp */,
				D8E828D727F8402D00D467AC /* b2PolygonShape.cpp */,
				D8E828D827F8402D00D467AC /* b2EdgeShape.h */,
				D8E828D927F8402D00D467AC /* b2CircleShape.h */,
			);
			path = Shapes;
			sourceTree = "<group>";
		};
/* End PBXGroup section */

/* Begin PBXNativeTarget section */
		18FC6ACF25E4D146001A2372 /* OpenGL-Pong */ = {
			isa = PBXNativeTarget;
			buildConfigurationList = 18FC6AE425E4D147001A2372 /* Build configuration list for PBXNativeTarget "OpenGL-Pong" */;
			buildPhases = (
				18FC6ACC25E4D146001A2372 /* Sources */,
				18FC6ACD25E4D146001A2372 /* Frameworks */,
				18FC6ACE25E4D146001A2372 /* Resources */,
			);
			buildRules = (
			);
			dependencies = (
			);
			name = "OpenGL-Pong";
			productName = Box2DSwift;
			productReference = 18FC6AD025E4D146001A2372 /* OpenGL-Pong.app */;
			productType = "com.apple.product-type.application";
		};
/* End PBXNativeTarget section */

/* Begin PBXProject section */
		18FC6AC825E4D146001A2372 /* Project object */ = {
			isa = PBXProject;
			attributes = {
				LastSwiftUpdateCheck = 1240;
				LastUpgradeCheck = 1240;
				TargetAttributes = {
					18FC6ACF25E4D146001A2372 = {
						CreatedOnToolsVersion = 12.4;
						LastSwiftMigration = 1240;
					};
				};
			};
			buildConfigurationList = 18FC6ACB25E4D146001A2372 /* Build configuration list for PBXProject "OpenGL-Pong" */;
			compatibilityVersion = "Xcode 9.3";
			developmentRegion = en;
			hasScannedForEncodings = 0;
			knownRegions = (
				en,
				Base,
			);
			mainGroup = 18FC6AC725E4D146001A2372;
			productRefGroup = 18FC6AD125E4D146001A2372 /* Products */;
			projectDirPath = "";
			projectRoot = "";
			targets = (
				18FC6ACF25E4D146001A2372 /* OpenGL-Pong */,
			);
		};
/* End PBXProject section */

/* Begin PBXResourcesBuildPhase section */
		18FC6ACE25E4D146001A2372 /* Resources */ = {
			isa = PBXResourcesBuildPhase;
			buildActionMask = 2147483647;
			files = (
				D8E828E827F8402D00D467AC /* LaunchScreen.storyboard in Resources */,
				D8E828E727F8402D00D467AC /* Assets.xcassets in Resources */,
				D8E828E627F8402D00D467AC /* Shader.fsh in Resources */,
				D8E828E927F8402D00D467AC /* Main.storyboard in Resources */,
				D8E828EB27F8402D00D467AC /* Shader.vsh in Resources */,
			);
			runOnlyForDeploymentPostprocessing = 0;
		};
/* End PBXResourcesBuildPhase section */

/* Begin PBXSourcesBuildPhase section */
		18FC6ACC25E4D146001A2372 /* Sources */ = {
			isa = PBXSourcesBuildPhase;
			buildActionMask = 2147483647;
			files = (
				D8E828EC27F8402D00D467AC /* AppDelegate.swift in Sources */,
				D8E828ED27F8402D00D467AC /* b2Body.cpp in Sources */,
				D8E8291927F8402D00D467AC /* b2CollideEdge.cpp in Sources */,
				D8E8290027F8402D00D467AC /* b2RevoluteJoint.cpp in Sources */,
				D8E828EE27F8402D00D467AC /* b2World.cpp in Sources */,
				D8E828FB27F8402D00D467AC /* b2MouseJoint.cpp in Sources */,
				D8E8290827F8402D00D467AC /* b2Rope.cpp in Sources */,
				D8E828F027F8402D00D467AC /* b2ChainAndPolygonContact.cpp in Sources */,
				D8E828F227F8402D00D467AC /* b2ChainAndCircleContact.cpp in Sources */,
				D8E828F427F8402D00D467AC /* b2PolygonContact.cpp in Sources */,
				D8E828FF27F8402D00D467AC /* b2MotorJoint.cpp in Sources */,
				D8E828FA27F8402D00D467AC /* b2WeldJoint.cpp in Sources */,
				D8E8291227F8402D00D467AC /* b2DynamicTree.cpp in Sources */,
				D8E828EA27F8402D00D467AC /* GLESRenderer.cpp in Sources */,
				D8E8290927F8402D00D467AC /* b2Draw.cpp in Sources */,
				D8E8290727F8402D00D467AC /* b2ContactManager.cpp in Sources */,
				D8E8290127F8402D00D467AC /* b2GearJoint.cpp in Sources */,
				D8E8290A27F8402D00D467AC /* b2BlockAllocator.cpp in Sources */,
				D8E8291327F8402D00D467AC /* b2ChainShape.cpp in Sources */,
				D8E828EF27F8402D00D467AC /* b2Fixture.cpp in Sources */,
				D8E828F927F8402D00D467AC /* b2WorldCallbacks.cpp in Sources */,
				D8E8291527F8402D00D467AC /* b2CircleShape.cpp in Sources */,
				D8E828E427F8402D00D467AC /* ViewController.swift in Sources */,
				D8E828F327F8402D00D467AC /* b2PolygonAndCircleContact.cpp in Sources */,
				D8E828FD27F8402D00D467AC /* b2DistanceJoint.cpp in Sources */,
				D8E828F727F8402D00D467AC /* b2EdgeAndCircleContact.cpp in Sources */,
				D8E8291027F8402D00D467AC /* b2CollideCircle.cpp in Sources */,
				D8E8291727F8402D00D467AC /* b2TimeOfImpact.cpp in Sources */,
				D8E8290327F8402D00D467AC /* b2PrismaticJoint.cpp in Sources */,
				D8E8290F27F8402D00D467AC /* b2Distance.cpp in Sources */,
				D8E828FC27F8402D00D467AC /* b2FrictionJoint.cpp in Sources */,
				D8E8291827F8402D00D467AC /* b2BroadPhase.cpp in Sources */,
				D8E828F627F8402D00D467AC /* b2CircleContact.cpp in Sources */,
				D8E8290527F8402D00D467AC /* b2RopeJoint.cpp in Sources */,
				D8E8291B27F8402D00D467AC /* Renderer.mm in Sources */,
				D8E8291427F8402D00D467AC /* b2EdgeShape.cpp in Sources */,
				D8E8291127F8402D00D467AC /* b2CollidePolygon.cpp in Sources */,
				D8E8290427F8402D00D467AC /* b2PulleyJoint.cpp in Sources */,
				D8E8290E27F8402D00D467AC /* b2Math.cpp in Sources */,
				D8E8290227F8402D00D467AC /* b2Joint.cpp in Sources */,
				D8E828F127F8402D00D467AC /* b2EdgeAndPolygonContact.cpp in Sources */,
				D8E8290C27F8402D00D467AC /* b2Timer.cpp in Sources */,
				D8E828F527F8402D00D467AC /* b2ContactSolver.cpp in Sources */,
				D8E8290627F8402D00D467AC /* b2Island.cpp in Sources */,
				D8E8290B27F8402D00D467AC /* b2Settings.cpp in Sources */,
				D8E828F827F8402D00D467AC /* b2Contact.cpp in Sources */,
				D8E8291627F8402D00D467AC /* b2PolygonShape.cpp in Sources */,
				D8E8291D27F8402D00D467AC /* SceneDelegate.swift in Sources */,
				D8E828FE27F8402D00D467AC /* b2WheelJoint.cpp in Sources */,
				D8E8290D27F8402D00D467AC /* b2StackAllocator.cpp in Sources */,
				D8E8291A27F8402D00D467AC /* b2Collision.cpp in Sources */,
				D8E828E527F8402D00D467AC /* CBox2D.mm in Sources */,
			);
			runOnlyForDeploymentPostprocessing = 0;
		};
/* End PBXSourcesBuildPhase section */

/* Begin PBXVariantGroup section */
		D8E8287327F8402D00D467AC /* LaunchScreen.storyboard */ = {
			isa = PBXVariantGroup;
			children = (
				D8E8287427F8402D00D467AC /* Base */,
			);
			name = LaunchScreen.storyboard;
			sourceTree = "<group>";
		};
		D8E8287527F8402D00D467AC /* Main.storyboard */ = {
			isa = PBXVariantGroup;
			children = (
				D8E8287627F8402D00D467AC /* Base */,
			);
			name = Main.storyboard;
			sourceTree = "<group>";
		};
/* End PBXVariantGroup section */

/* Begin XCBuildConfiguration section */
		18FC6AE225E4D147001A2372 /* Debug */ = {
			isa = XCBuildConfiguration;
			buildSettings = {
				ALWAYS_SEARCH_USER_PATHS = YES;
				CLANG_ANALYZER_NONNULL = YES;
				CLANG_ANALYZER_NUMBER_OBJECT_CONVERSION = YES_AGGRESSIVE;
				CLANG_CXX_LANGUAGE_STANDARD = "gnu++14";
				CLANG_CXX_LIBRARY = "libc++";
				CLANG_ENABLE_MODULES = YES;
				CLANG_ENABLE_OBJC_ARC = YES;
				CLANG_ENABLE_OBJC_WEAK = YES;
				CLANG_WARN_BLOCK_CAPTURE_AUTORELEASING = YES;
				CLANG_WARN_BOOL_CONVERSION = YES;
				CLANG_WARN_COMMA = YES;
				CLANG_WARN_CONSTANT_CONVERSION = YES;
				CLANG_WARN_DEPRECATED_OBJC_IMPLEMENTATIONS = YES;
				CLANG_WARN_DIRECT_OBJC_ISA_USAGE = YES_ERROR;
				CLANG_WARN_DOCUMENTATION_COMMENTS = YES;
				CLANG_WARN_EMPTY_BODY = YES;
				CLANG_WARN_ENUM_CONVERSION = YES;
				CLANG_WARN_INFINITE_RECURSION = YES;
				CLANG_WARN_INT_CONVERSION = YES;
				CLANG_WARN_NON_LITERAL_NULL_CONVERSION = YES;
				CLANG_WARN_OBJC_IMPLICIT_RETAIN_SELF = YES;
				CLANG_WARN_OBJC_LITERAL_CONVERSION = YES;
				CLANG_WARN_OBJC_ROOT_CLASS = YES_ERROR;
				CLANG_WARN_QUOTED_INCLUDE_IN_FRAMEWORK_HEADER = YES;
				CLANG_WARN_RANGE_LOOP_ANALYSIS = YES;
				CLANG_WARN_STRICT_PROTOTYPES = YES;
				CLANG_WARN_SUSPICIOUS_MOVE = YES;
				CLANG_WARN_UNGUARDED_AVAILABILITY = YES_AGGRESSIVE;
				CLANG_WARN_UNREACHABLE_CODE = YES;
				CLANG_WARN__DUPLICATE_METHOD_MATCH = YES;
				COPY_PHASE_STRIP = NO;
				DEBUG_INFORMATION_FORMAT = dwarf;
				ENABLE_STRICT_OBJC_MSGSEND = YES;
				ENABLE_TESTABILITY = YES;
				GCC_C_LANGUAGE_STANDARD = gnu11;
				GCC_DYNAMIC_NO_PIC = NO;
				GCC_NO_COMMON_BLOCKS = YES;
				GCC_OPTIMIZATION_LEVEL = 0;
				GCC_PREPROCESSOR_DEFINITIONS = (
					"DEBUG=1",
					"$(inherited)",
				);
				GCC_WARN_64_TO_32_BIT_CONVERSION = YES;
				GCC_WARN_ABOUT_RETURN_TYPE = YES_ERROR;
				GCC_WARN_UNDECLARED_SELECTOR = YES;
				GCC_WARN_UNINITIALIZED_AUTOS = YES_AGGRESSIVE;
				GCC_WARN_UNUSED_FUNCTION = YES;
				GCC_WARN_UNUSED_VARIABLE = YES;
				HEADER_SEARCH_PATHS = "";
				IPHONEOS_DEPLOYMENT_TARGET = 14.4;
				MTL_ENABLE_DEBUG_INFO = INCLUDE_SOURCE;
				MTL_FAST_MATH = YES;
				ONLY_ACTIVE_ARCH = YES;
				SDKROOT = iphoneos;
				SWIFT_ACTIVE_COMPILATION_CONDITIONS = DEBUG;
				SWIFT_OPTIMIZATION_LEVEL = "-Onone";
				USER_HEADER_SEARCH_PATHS = "$(PROJECT_DIR)/$(PROJECT_NAME)";
			};
			name = Debug;
		};
		18FC6AE325E4D147001A2372 /* Release */ = {
			isa = XCBuildConfiguration;
			buildSettings = {
				ALWAYS_SEARCH_USER_PATHS = YES;
				CLANG_ANALYZER_NONNULL = YES;
				CLANG_ANALYZER_NUMBER_OBJECT_CONVERSION = YES_AGGRESSIVE;
				CLANG_CXX_LANGUAGE_STANDARD = "gnu++14";
				CLANG_CXX_LIBRARY = "libc++";
				CLANG_ENABLE_MODULES = YES;
				CLANG_ENABLE_OBJC_ARC = YES;
				CLANG_ENABLE_OBJC_WEAK = YES;
				CLANG_WARN_BLOCK_CAPTURE_AUTORELEASING = YES;
				CLANG_WARN_BOOL_CONVERSION = YES;
				CLANG_WARN_COMMA = YES;
				CLANG_WARN_CONSTANT_CONVERSION = YES;
				CLANG_WARN_DEPRECATED_OBJC_IMPLEMENTATIONS = YES;
				CLANG_WARN_DIRECT_OBJC_ISA_USAGE = YES_ERROR;
				CLANG_WARN_DOCUMENTATION_COMMENTS = YES;
				CLANG_WARN_EMPTY_BODY = YES;
				CLANG_WARN_ENUM_CONVERSION = YES;
				CLANG_WARN_INFINITE_RECURSION = YES;
				CLANG_WARN_INT_CONVERSION = YES;
				CLANG_WARN_NON_LITERAL_NULL_CONVERSION = YES;
				CLANG_WARN_OBJC_IMPLICIT_RETAIN_SELF = YES;
				CLANG_WARN_OBJC_LITERAL_CONVERSION = YES;
				CLANG_WARN_OBJC_ROOT_CLASS = YES_ERROR;
				CLANG_WARN_QUOTED_INCLUDE_IN_FRAMEWORK_HEADER = YES;
				CLANG_WARN_RANGE_LOOP_ANALYSIS = YES;
				CLANG_WARN_STRICT_PROTOTYPES = YES;
				CLANG_WARN_SUSPICIOUS_MOVE = YES;
				CLANG_WARN_UNGUARDED_AVAILABILITY = YES_AGGRESSIVE;
				CLANG_WARN_UNREACHABLE_CODE = YES;
				CLANG_WARN__DUPLICATE_METHOD_MATCH = YES;
				COPY_PHASE_STRIP = NO;
				DEBUG_INFORMATION_FORMAT = "dwarf-with-dsym";
				ENABLE_NS_ASSERTIONS = NO;
				ENABLE_STRICT_OBJC_MSGSEND = YES;
				GCC_C_LANGUAGE_STANDARD = gnu11;
				GCC_NO_COMMON_BLOCKS = YES;
				GCC_WARN_64_TO_32_BIT_CONVERSION = YES;
				GCC_WARN_ABOUT_RETURN_TYPE = YES_ERROR;
				GCC_WARN_UNDECLARED_SELECTOR = YES;
				GCC_WARN_UNINITIALIZED_AUTOS = YES_AGGRESSIVE;
				GCC_WARN_UNUSED_FUNCTION = YES;
				GCC_WARN_UNUSED_VARIABLE = YES;
				HEADER_SEARCH_PATHS = "";
				IPHONEOS_DEPLOYMENT_TARGET = 14.4;
				MTL_ENABLE_DEBUG_INFO = NO;
				MTL_FAST_MATH = YES;
				SDKROOT = iphoneos;
				SWIFT_COMPILATION_MODE = wholemodule;
				SWIFT_OPTIMIZATION_LEVEL = "-O";
				USER_HEADER_SEARCH_PATHS = "$(PROJECT_DIR)/$(PROJECT_NAME)";
				VALIDATE_PRODUCT = YES;
			};
			name = Release;
		};
		18FC6AE525E4D147001A2372 /* Debug */ = {
			isa = XCBuildConfiguration;
			buildSettings = {
				ALWAYS_SEARCH_USER_PATHS = YES;
				ASSETCATALOG_COMPILER_APPICON_NAME = AppIcon;
				ASSETCATALOG_COMPILER_GLOBAL_ACCENT_COLOR_NAME = AccentColor;
				CLANG_ENABLE_MODULES = YES;
				CLANG_WARN_QUOTED_INCLUDE_IN_FRAMEWORK_HEADER = NO;
				CODE_SIGN_STYLE = Automatic;
				CREATE_INFOPLIST_SECTION_IN_BINARY = NO;
				DEVELOPMENT_TEAM = 7475N59777;
				GCC_PREPROCESSOR_DEFINITIONS = (
					"$(inherited)",
					GLES_SILENCE_DEPRECATION,
				);
				GENERATE_INFOPLIST_FILE = NO;
				INFOPLIST_FILE = "OpenGL-Pong/Info.plist";
				LD_RUNPATH_SEARCH_PATHS = (
					"$(inherited)",
					"@executable_path/Frameworks",
				);
				PRODUCT_BUNDLE_IDENTIFIER = "ca.btechgames.OpenGL-Pong";
				PRODUCT_NAME = "$(TARGET_NAME)";
				SWIFT_OBJC_BRIDGING_HEADER = "OpenGL-Pong/Box2DSwift-Bridging-Header.h";
				SWIFT_OPTIMIZATION_LEVEL = "-Onone";
				SWIFT_VERSION = 5.0;
				TARGETED_DEVICE_FAMILY = "1,2";
			};
			name = Debug;
		};
		18FC6AE625E4D147001A2372 /* Release */ = {
			isa = XCBuildConfiguration;
			buildSettings = {
				ALWAYS_SEARCH_USER_PATHS = YES;
				ASSETCATALOG_COMPILER_APPICON_NAME = AppIcon;
				ASSETCATALOG_COMPILER_GLOBAL_ACCENT_COLOR_NAME = AccentColor;
				CLANG_ENABLE_MODULES = YES;
				CLANG_WARN_QUOTED_INCLUDE_IN_FRAMEWORK_HEADER = NO;
				CODE_SIGN_STYLE = Automatic;
				CREATE_INFOPLIST_SECTION_IN_BINARY = NO;
				DEVELOPMENT_TEAM = 7475N59777;
				GCC_PREPROCESSOR_DEFINITIONS = GLES_SILENCE_DEPRECATION;
				GENERATE_INFOPLIST_FILE = NO;
				INFOPLIST_FILE = "OpenGL-Pong/Info.plist";
				LD_RUNPATH_SEARCH_PATHS = (
					"$(inherited)",
					"@executable_path/Frameworks",
				);
				PRODUCT_BUNDLE_IDENTIFIER = "ca.btechgames.OpenGL-Pong";
				PRODUCT_NAME = "$(TARGET_NAME)";
				SWIFT_OBJC_BRIDGING_HEADER = "OpenGL-Pong/Box2DSwift-Bridging-Header.h";
				SWIFT_VERSION = 5.0;
				TARGETED_DEVICE_FAMILY = "1,2";
			};
			name = Release;
		};
/* End XCBuildConfiguration section */

/* Begin XCConfigurationList section */
		18FC6ACB25E4D146001A2372 /* Build configuration list for PBXProject "OpenGL-Pong" */ = {
			isa = XCConfigurationList;
			buildConfigurations = (
				18FC6AE225E4D147001A2372 /* Debug */,
				18FC6AE325E4D147001A2372 /* Release */,
			);
			defaultConfigurationIsVisible = 0;
			defaultConfigurationName = Release;
		};
		18FC6AE425E4D147001A2372 /* Build configuration list for PBXNativeTarget "OpenGL-Pong" */ = {
			isa = XCConfigurationList;
			buildConfigurations = (
				18FC6AE525E4D147001A2372 /* Debug */,
				18FC6AE625E4D147001A2372 /* Release */,
			);
			defaultConfigurationIsVisible = 0;
			defaultConfigurationName = Release;
		};
/* End XCConfigurationList section */
	};
	rootObject = 18FC6AC825E4D146001A2372 /* Project object */;
}
